// !$*UTF8*$!
{
	archiveVersion = 1;
	classes = {
	};
	objectVersion = 46;
	objects = {

/* Begin PBXBuildFile section */
		694A9F631C20CE1E00EF70BE /* Datos.swift in Sources */ = {isa = PBXBuildFile; fileRef = 694A9F621C20CE1E00EF70BE /* Datos.swift */; settings = {ASSET_TAGS = (); }; };
		696F10D21C20C68300A944B1 /* AppDelegate.swift in Sources */ = {isa = PBXBuildFile; fileRef = 696F10D11C20C68300A944B1 /* AppDelegate.swift */; };
		696F10D41C20C68300A944B1 /* ViewController.swift in Sources */ = {isa = PBXBuildFile; fileRef = 696F10D31C20C68300A944B1 /* ViewController.swift */; };
		696F10D71C20C68300A944B1 /* Main.storyboard in Resources */ = {isa = PBXBuildFile; fileRef = 696F10D51C20C68300A944B1 /* Main.storyboard */; };
		696F10D91C20C68300A944B1 /* Assets.xcassets in Resources */ = {isa = PBXBuildFile; fileRef = 696F10D81C20C68300A944B1 /* Assets.xcassets */; };
		696F10DC1C20C68300A944B1 /* LaunchScreen.storyboard in Resources */ = {isa = PBXBuildFile; fileRef = 696F10DA1C20C68300A944B1 /* LaunchScreen.storyboard */; };
/* End PBXBuildFile section */

/* Begin PBXFileReference section */
		694A9F621C20CE1E00EF70BE /* Datos.swift */ = {isa = PBXFileReference; fileEncoding = 4; lastKnownFileType = sourcecode.swift; path = Datos.swift; sourceTree = "<group>"; };
		696F10CE1C20C68300A944B1 /* Hamburguesas.app */ = {isa = PBXFileReference; explicitFileType = wrapper.application; includeInIndex = 0; path = Hamburguesas.app; sourceTree = BUILT_PRODUCTS_DIR; };
		696F10D11C20C68300A944B1 /* AppDelegate.swift */ = {isa = PBXFileReference; lastKnownFileType = sourcecode.swift; path = AppDelegate.swift; sourceTree = "<group>"; };
		696F10D31C20C68300A944B1 /* ViewController.swift */ = {isa = PBXFileReference; lastKnownFileType = sourcecode.swift; path = ViewController.swift; sourceTree = "<group>"; };
		696F10D61C20C68300A944B1 /* Base */ = {isa = PBXFileReference; lastKnownFileType = file.storyboard; name = Base; path = Base.lproj/Main.storyboard; sourceTree = "<group>"; };
		696F10D81C20C68300A944B1 /* Assets.xcassets */ = {isa = PBXFileReference; lastKnownFileType = folder.assetcatalog; path = Assets.xcassets; sourceTree = "<group>"; };
		696F10DB1C20C68300A944B1 /* Base */ = {isa = PBXFileReference; lastKnownFileType = file.storyboard; name = Base; path = Base.lproj/LaunchScreen.storyboard; sourceTree = "<group>"; };
		696F10DD1C20C68300A944B1 /* Info.plist */ = {isa = PBXFileReference; lastKnownFileType = text.plist.xml; path = Info.plist; sourceTree = "<group>"; };
/* End PBXFileReference section */

/* Begin PBXFrameworksBuildPhase section */
		696F10CB1C20C68300A944B1 /* Frameworks */ = {
			isa = PBXFrameworksBuildPhase;
			buildActionMask = 2147483647;
			files = (
			);
			runOnlyForDeploymentPostprocessing = 0;
		};
/* End PBXFrameworksBuildPhase section */

/* Begin PBXGroup section */
		696F10C51C20C68300A944B1 = {
			isa = PBXGroup;
			children = (
				696F10D01C20C68300A944B1 /* Hamburguesas */,
				696F10CF1C20C68300A944B1 /* Products */,
			);
			sourceTree = "<group>";
		};
		696F10CF1C20C68300A944B1 /* Products */ = {
			isa = PBXGroup;
			children = (
				696F10CE1C20C68300A944B1 /* Hamburguesas.app */,
			);
			name = Products;
			sourceTree = "<group>";
		};
		696F10D01C20C68300A944B1 /* Hamburguesas */ = {
			isa = PBXGroup;
			children = (
				694A9F621C20CE1E00EF70BE /* Datos.swift */,
				696F10D11C20C68300A944B1 /* AppDelegate.swift */,
				696F10D31C20C68300A944B1 /* ViewController.swift */,
				696F10D51C20C68300A944B1 /* Main.storyboard */,
				696F10D81C20C68300A944B1 /* Assets.xcassets */,
				696F10DA1C20C68300A944B1 /* LaunchScreen.storyboard */,
				696F10DD1C20C68300A944B1 /* Info.plist */,
			);
			path = Hamburguesas;
			sourceTree = "<group>";
		};
/* End PBXGroup section */

/* Begin PBXNativeTarget section */
		696F10CD1C20C68300A944B1 /* Hamburguesas */ = {
			isa = PBXNativeTarget;
			buildConfigurationList = 696F10E01C20C68300A944B1 /* Build configuration list for PBXNativeTarget "Hamburguesas" */;
			buildPhases = (
				696F10CA1C20C68300A944B1 /* Sources */,
				696F10CB1C20C68300A944B1 /* Frameworks */,
				696F10CC1C20C68300A944B1 /* Resources */,
			);
			buildRules = (
			);
			dependencies = (
			);
			name = Hamburguesas;
			productName = Hamburguesas;
			productReference = 696F10CE1C20C68300A944B1 /* Hamburguesas.app */;
			productType = "com.apple.product-type.application";
		};
/* End PBXNativeTarget section */

/* Begin PBXProject section */
		696F10C61C20C68300A944B1 /* Project object */ = {
			isa = PBXProject;
			attributes = {
				LastUpgradeCheck = 0700;
				ORGANIZATIONNAME = "Rubén Esteve Marcilla";
				TargetAttributes = {
					696F10CD1C20C68300A944B1 = {
						CreatedOnToolsVersion = 7.0.1;
					};
				};
			};
			buildConfigurationList = 696F10C91C20C68300A944B1 /* Build configuration list for PBXProject "Hamburguesas" */;
			compatibilityVersion = "Xcode 3.2";
			developmentRegion = English;
			hasScannedForEncodings = 0;
			knownRegions = (
				en,
				Base,
			);
			mainGroup = 696F10C51C20C68300A944B1;
			productRefGroup = 696F10CF1C20C68300A944B1 /* Products */;
			projectDirPath = "";
			projectRoot = "";
			targets = (
				696F10CD1C20C68300A944B1 /* Hamburguesas */,
			);
		};
/* End PBXProject section */

/* Begin PBXResourcesBuildPhase section */
		696F10CC1C20C68300A944B1 /* Resources */ = {
			isa = PBXResourcesBuildPhase;
			buildActionMask = 2147483647;
			files = (
				696F10DC1C20C68300A944B1 /* LaunchScreen.storyboard in Resources */,
				696F10D91C20C68300A944B1 /* Assets.xcassets in Resources */,
				696F10D71C20C68300A944B1 /* Main.storyboard in Resources */,
			);
			runOnlyForDeploymentPostprocessing = 0;
		};
/* End PBXResourcesBuildPhase section */

/* Begin PBXSourcesBuildPhase section */
		696F10CA1C20C68300A944B1 /* Sources */ = {
			isa = PBXSourcesBuildPhase;
			buildActionMask = 2147483647;
			files = (
				696F10D41C20C68300A944B1 /* ViewController.swift in Sources */,
				696F10D21C20C68300A944B1 /* AppDelegate.swift in Sources */,
				694A9F631C20CE1E00EF70BE /* Datos.swift in Sources */,
			);
			runOnlyForDeploymentPostprocessing = 0;
		};
/* End PBXSourcesBuildPhase section */

/* Begin PBXVariantGroup section */
		696F10D51C20C68300A944B1 /* Main.storyboard */ = {
			isa = PBXVariantGroup;
			children = (
				696F10D61C20C68300A944B1 /* Base */,
			);
			name = Main.storyboard;
			sourceTree = "<group>";
		};
		696F10DA1C20C68300A944B1 /* LaunchScreen.storyboard */ = {
			isa = PBXVariantGroup;
			children = (
				696F10DB1C20C68300A944B1 /* Base */,
			);
			name = LaunchScreen.storyboard;
			sourceTree = "<group>";
		};
/* End PBXVariantGroup section */

/* Begin XCBuildConfiguration section */
		696F10DE1C20C68300A944B1 /* Debug */ = {
			isa = XCBuildConfiguration;
			buildSettings = {
				ALWAYS_SEARCH_USER_PATHS = NO;
				CLANG_CXX_LANGUAGE_STANDARD = "gnu++0x";
				CLANG_CXX_LIBRARY = "libc++";
				CLANG_ENABLE_MODULES = YES;
				CLANG_ENABLE_OBJC_ARC = YES;
				CLANG_WARN_BOOL_CONVERSION = YES;
				CLANG_WARN_CONSTANT_CONVERSION = YES;
				CLANG_WARN_DIRECT_OBJC_ISA_USAGE = YES_ERROR;
				CLANG_WARN_EMPTY_BODY = YES;
				CLANG_WARN_ENUM_CONVERSION = YES;
				CLANG_WARN_INT_CONVERSION = YES;
				CLANG_WARN_OBJC_ROOT_CLASS = YES_ERROR;
				CLANG_WARN_UNREACHABLE_CODE = YES;
				CLANG_WARN__DUPLICATE_METHOD_MATCH = YES;
				"CODE_SIGN_IDENTITY[sdk=iphoneos*]" = "iPhone Developer";
				COPY_PHASE_STRIP = NO;
				DEBUG_INFORMATION_FORMAT = dwarf;
				ENABLE_STRICT_OBJC_MSGSEND = YES;
				ENABLE_TESTABILITY = YES;
				GCC_C_LANGUAGE_STANDARD = gnu99;
				GCC_DYNAMIC_NO_PIC = NO;
				GCC_NO_COMMON_BLOCKS = YES;
				GCC_OPTIMIZATION_LEVEL = 0;
				GCC_PREPROCESSOR_DEFINITIONS = (
					"DEBUG=1",
					"$(inherited)",
				);
				GCC_WARN_64_TO_32_BIT_CONVERSION = YES;
				GCC_WARN_ABOUT_RETURN_TYPE = YES_ERROR;
				GCC_WARN_UNDECLARED_SELECTOR = YES;
				GCC_WARN_UNINITIALIZED_AUTOS = YES_AGGRESSIVE;
				GCC_WARN_UNUSED_FUNCTION = YES;
				GCC_WARN_UNUSED_VARIABLE = YES;
				IPHONEOS_DEPLOYMENT_TARGET = 9.0;
				MTL_ENABLE_DEBUG_INFO = YES;
				ONLY_ACTIVE_ARCH = YES;
				SDKROOT = iphoneos;
				SWIFT_OPTIMIZATION_LEVEL = "-Onone";
			};
			name = Debug;
		};
		696F10DF1C20C68300A944B1 /* Release */ = {
			isa = XCBuildConfiguration;
			buildSettings = {
				ALWAYS_SEARCH_USER_PATHS = NO;
				CLANG_CXX_LANGUAGE_STANDARD = "gnu++0x";
				CLANG_CXX_LIBRARY = "libc++";
				CLANG_ENABLE_MODULES = YES;
				CLANG_ENABLE_OBJC_ARC = YES;
				CLANG_WARN_BOOL_CONVERSION = YES;
				CLANG_WARN_CONSTANT_CONVERSION = YES;
				CLANG_WARN_DIRECT_OBJC_ISA_USAGE = YES_ERROR;
				CLANG_WARN_EMPTY_BODY = YES;
				CLANG_WARN_ENUM_CONVERSION = YES;
				CLANG_WARN_INT_CONVERSION = YES;
				CLANG_WARN_OBJC_ROOT_CLASS = YES_ERROR;
				CLANG_WARN_UNREACHABLE_CODE = YES;
				CLANG_WARN__DUPLICATE_METHOD_MATCH = YES;
				"CODE_SIGN_IDENTITY[sdk=iphoneos*]" = "iPhone Developer";
				COPY_PHASE_STRIP = NO;
				DEBUG_INFORMATION_FORMAT = "dwarf-with-dsym";
				ENABLE_NS_ASSERTIONS = NO;
				ENABLE_STRICT_OBJC_MSGSEND = YES;
				GCC_C_LANGUAGE_STANDARD = gnu99;
				GCC_NO_COMMON_BLOCKS = YES;
				GCC_WARN_64_TO_32_BIT_CONVERSION = YES;
				GCC_WARN_ABOUT_RETURN_TYPE = YES_ERROR;
				GCC_WARN_UNDECLARED_SELECTOR = YES;
				GCC_WARN_UNINITIALIZED_AUTOS = YES_AGGRESSIVE;
				GCC_WARN_UNUSED_FUNCTION = YES;
				GCC_WARN_UNUSED_VARIABLE = YES;
				IPHONEOS_DEPLOYMENT_TARGET = 9.0;
				MTL_ENABLE_DEBUG_INFO = NO;
				SDKROOT = iphoneos;
				VALIDATE_PRODUCT = YES;
			};
			name = Release;
		};
		696F10E11C20C68300A944B1 /* Debug */ = {
			isa = XCBuildConfiguration;
			buildSettings = {
				ASSETCATALOG_COMPILER_APPICON_NAME = AppIcon;
				INFOPLIST_FILE = Hamburguesas/Info.plist;
				LD_RUNPATH_SEARCH_PATHS = "$(inherited) @executable_path/Frameworks";
				PRODUCT_BUNDLE_IDENTIFIER = es.rubenestevemarcilla.Hamburguesas;
				PRODUCT_NAME = "$(TARGET_NAME)";
			};
			name = Debug;
		};
		696F10E21C20C68300A944B1 /* Release */ = {
			isa = XCBuildConfiguration;
			buildSettings = {
				ASSETCATALOG_COMPILER_APPICON_NAME = AppIcon;
				INFOPLIST_FILE = Hamburguesas/Info.plist;
				LD_RUNPATH_SEARCH_PATHS = "$(inherited) @executable_path/Frameworks";
				PRODUCT_BUNDLE_IDENTIFIER = es.rubenestevemarcilla.Hamburguesas;
				PRODUCT_NAME = "$(TARGET_NAME)";
			};
			name = Release;
		};
/* End XCBuildConfiguration section */

/* Begin XCConfigurationList section */
		696F10C91C20C68300A944B1 /* Build configuration list for PBXProject "Hamburguesas" */ = {
			isa = XCConfigurationList;
			buildConfigurations = (
				696F10DE1C20C68300A944B1 /* Debug */,
				696F10DF1C20C68300A944B1 /* Release */,
			);
			defaultConfigurationIsVisible = 0;
			defaultConfigurationName = Release;
		};
		696F10E01C20C68300A944B1 /* Build configuration list for PBXNativeTarget "Hamburguesas" */ = {
			isa = XCConfigurationList;
			buildConfigurations = (
				696F10E11C20C68300A944B1 /* Debug */,
				696F10E21C20C68300A944B1 /* Release */,
			);
			defaultConfigurationIsVisible = 0;
			defaultConfigurationName = Release;
		};
/* End XCConfigurationList section */
	};
	rootObject = 696F10C61C20C68300A944B1 /* Project object */;
}
